
Microsoft Visual Studio Solution File, Format Version 12.00
# Visual Studio Version 17
VisualStudioVersion = 17.14.36908.2 d17.14
MinimumVisualStudioVersion = 10.0.40219.1
Project("{FAE04EC0-301F-11D3-BF4B-00C04F79EFBC}") = "Observer", "Observer\Observer.csproj", "{ECAADB83-AEAC-43A5-91AD-D7C92544C1F7}"
EndProject
Global
	GlobalSection(SolutionConfigurationPlatforms) = preSolution
		Debug|Any CPU = Debug|Any CPU
		Release|Any CPU = Release|Any CPU
	EndGlobalSection
	GlobalSection(ProjectConfigurationPlatforms) = postSolution
		{ECAADB83-AEAC-43A5-91AD-D7C92544C1F7}.Debug|Any CPU.ActiveCfg = Debug|Any CPU
		{ECAADB83-AEAC-43A5-91AD-D7C92544C1F7}.Debug|Any CPU.Build.0 = Debug|Any CPU
		{ECAADB83-AEAC-43A5-91AD-D7C92544C1F7}.Release|Any CPU.ActiveCfg = Release|Any CPU
		{ECAADB83-AEAC-43A5-91AD-D7C92544C1F7}.Release|Any CPU.Build.0 = Release|Any CPU
	EndGlobalSection
	GlobalSection(SolutionProperties) = preSolution
		HideSolutionNode = FALSE
	EndGlobalSection
	GlobalSection(ExtensibilityGlobals) = postSolution
		SolutionGuid = {C0688DC6-CE1A-4415-B62C-A3DCB3672866}
	EndGlobalSection
EndGlobal
